
Microsoft Visual Studio Solution File, Format Version 12.00
Project("{FAE04EC0-301F-11D3-BF4B-00C04F79EFBC}") = "HelloWorld", "HelloWorld\HelloWorld.csproj", "{5B586036-9767-4FF5-9757-3EE984C7E811}"
EndProject
Project("{FAE04EC0-301F-11D3-BF4B-00C04F79EFBC}") = "Funtions", "Funtions\Funtions.csproj", "{C254F724-B8D2-4EB0-9E21-BD7BC0B64040}"
EndProject
Project("{FAE04EC0-301F-11D3-BF4B-00C04F79EFBC}") = "BackToSenderLogistics", "BackToSenderLogistics\BackToSenderLogistics.csproj", "{3E6798E3-2476-4670-A898-7A6CF094DE56}"
EndProject
Project("{FAE04EC0-301F-11D3-BF4B-00C04F79EFBC}") = "BackToSenderLogistics.Tests", "BackToSenderLogistics.Tests\BackToSenderLogistics.Tests.csproj", "{C288388A-9718-4C79-B627-C431114F81C1}"
EndProject
Global
	GlobalSection(SolutionConfigurationPlatforms) = preSolution
		Debug|Any CPU = Debug|Any CPU
		Release|Any CPU = Release|Any CPU
	EndGlobalSection
	GlobalSection(ProjectConfigurationPlatforms) = postSolution
		{5B586036-9767-4FF5-9757-3EE984C7E811}.Debug|Any CPU.ActiveCfg = Debug|Any CPU
		{5B586036-9767-4FF5-9757-3EE984C7E811}.Debug|Any CPU.Build.0 = Debug|Any CPU
		{5B586036-9767-4FF5-9757-3EE984C7E811}.Release|Any CPU.ActiveCfg = Release|Any CPU
		{5B586036-9767-4FF5-9757-3EE984C7E811}.Release|Any CPU.Build.0 = Release|Any CPU
		{C254F724-B8D2-4EB0-9E21-BD7BC0B64040}.Debug|Any CPU.ActiveCfg = Debug|Any CPU
		{C254F724-B8D2-4EB0-9E21-BD7BC0B64040}.Debug|Any CPU.Build.0 = Debug|Any CPU
		{C254F724-B8D2-4EB0-9E21-BD7BC0B64040}.Release|Any CPU.ActiveCfg = Release|Any CPU
		{C254F724-B8D2-4EB0-9E21-BD7BC0B64040}.Release|Any CPU.Build.0 = Release|Any CPU
		{3E6798E3-2476-4670-A898-7A6CF094DE56}.Debug|Any CPU.ActiveCfg = Debug|Any CPU
		{3E6798E3-2476-4670-A898-7A6CF094DE56}.Debug|Any CPU.Build.0 = Debug|Any CPU
		{3E6798E3-2476-4670-A898-7A6CF094DE56}.Release|Any CPU.ActiveCfg = Release|Any CPU
		{3E6798E3-2476-4670-A898-7A6CF094DE56}.Release|Any CPU.Build.0 = Release|Any CPU
		{C288388A-9718-4C79-B627-C431114F81C1}.Debug|Any CPU.ActiveCfg = Debug|Any CPU
		{C288388A-9718-4C79-B627-C431114F81C1}.Debug|Any CPU.Build.0 = Debug|Any CPU
		{C288388A-9718-4C79-B627-C431114F81C1}.Release|Any CPU.ActiveCfg = Release|Any CPU
		{C288388A-9718-4C79-B627-C431114F81C1}.Release|Any CPU.Build.0 = Release|Any CPU
	EndGlobalSection
EndGlobal
